{
  "requires": true,
  "lockfileVersion": 1,
  "dependencies": {
    "@t70000s/math": {
      "version": "1.0.1",
      "resolved": "https://registry.npmjs.org/@t70000s/math/-/math-1.0.1.tgz",
      "integrity": "sha512-LPqTPZGenzjTOAQxSG6Ob1MEHuaPtIHpC/C3EsvRfXMokcibbKtL9ndfEcMFFZTPpGohc6+J3yF8PJEOJCjxlA=="
    }
  }
}
